
Microsoft Visual Studio Solution File, Format Version 12.00
# Visual Studio Version 17
VisualStudioVersion = 17.8.34525.116
MinimumVisualStudioVersion = 10.0.40219.1
Project("{FAE04EC0-301F-11D3-BF4B-00C04F79EFBC}") = "Appsdev1", "Appsdev1\Appsdev1.csproj", "{B030B65D-C76F-4BF8-94B3-B3C1861FABE9}"
EndProject
Global
	GlobalSection(SolutionConfigurationPlatforms) = preSolution
		Debug|Any CPU = Debug|Any CPU
		Release|Any CPU = Release|Any CPU
	EndGlobalSection
	GlobalSection(ProjectConfigurationPlatforms) = postSolution
		{B030B65D-C76F-4BF8-94B3-B3C1861FABE9}.Debug|Any CPU.ActiveCfg = Debug|Any CPU
		{B030B65D-C76F-4BF8-94B3-B3C1861FABE9}.Debug|Any CPU.Build.0 = Debug|Any CPU
		{B030B65D-C76F-4BF8-94B3-B3C1861FABE9}.Release|Any CPU.ActiveCfg = Release|Any CPU
		{B030B65D-C76F-4BF8-94B3-B3C1861FABE9}.Release|Any CPU.Build.0 = Release|Any CPU
	EndGlobalSection
	GlobalSection(SolutionProperties) = preSolution
		HideSolutionNode = FALSE
	EndGlobalSection
	GlobalSection(ExtensibilityGlobals) = postSolution
		SolutionGuid = {C24D58D7-5A67-44B5-AC4B-DA9D0B4662B3}
	EndGlobalSection
EndGlobal
