
Microsoft Visual Studio Solution File, Format Version 12.00
# Visual Studio Version 17
VisualStudioVersion = 17.8.34525.116
MinimumVisualStudioVersion = 10.0.40219.1
Project("{FAE04EC0-301F-11D3-BF4B-00C04F79EFBC}") = "Activity2", "Activity2.csproj", "{D09FCCDD-5F2D-47CA-99E3-EEEFBEB92515}"
EndProject
Global
	GlobalSection(SolutionConfigurationPlatforms) = preSolution
		Debug|Any CPU = Debug|Any CPU
		Release|Any CPU = Release|Any CPU
	EndGlobalSection
	GlobalSection(ProjectConfigurationPlatforms) = postSolution
		{D09FCCDD-5F2D-47CA-99E3-EEEFBEB92515}.Debug|Any CPU.ActiveCfg = Debug|Any CPU
		{D09FCCDD-5F2D-47CA-99E3-EEEFBEB92515}.Debug|Any CPU.Build.0 = Debug|Any CPU
		{D09FCCDD-5F2D-47CA-99E3-EEEFBEB92515}.Release|Any CPU.ActiveCfg = Release|Any CPU
		{D09FCCDD-5F2D-47CA-99E3-EEEFBEB92515}.Release|Any CPU.Build.0 = Release|Any CPU
	EndGlobalSection
	GlobalSection(SolutionProperties) = preSolution
		HideSolutionNode = FALSE
	EndGlobalSection
	GlobalSection(ExtensibilityGlobals) = postSolution
		SolutionGuid = {318B9F4F-5CAC-4306-B549-9900AD33D397}
	EndGlobalSection
EndGlobal
