
Microsoft Visual Studio Solution File, Format Version 12.00
# Visual Studio Version 17
VisualStudioVersion = 17.8.34525.116
MinimumVisualStudioVersion = 10.0.40219.1
Project("{FAE04EC0-301F-11D3-BF4B-00C04F79EFBC}") = "Quiz2", "Quiz2.csproj", "{933C51F9-CFAB-4417-9D3F-0872760E2539}"
EndProject
Global
	GlobalSection(SolutionConfigurationPlatforms) = preSolution
		Debug|Any CPU = Debug|Any CPU
		Release|Any CPU = Release|Any CPU
	EndGlobalSection
	GlobalSection(ProjectConfigurationPlatforms) = postSolution
		{933C51F9-CFAB-4417-9D3F-0872760E2539}.Debug|Any CPU.ActiveCfg = Debug|Any CPU
		{933C51F9-CFAB-4417-9D3F-0872760E2539}.Debug|Any CPU.Build.0 = Debug|Any CPU
		{933C51F9-CFAB-4417-9D3F-0872760E2539}.Release|Any CPU.ActiveCfg = Release|Any CPU
		{933C51F9-CFAB-4417-9D3F-0872760E2539}.Release|Any CPU.Build.0 = Release|Any CPU
	EndGlobalSection
	GlobalSection(SolutionProperties) = preSolution
		HideSolutionNode = FALSE
	EndGlobalSection
	GlobalSection(ExtensibilityGlobals) = postSolution
		SolutionGuid = {95B4270A-8DE1-4883-9F08-FA903A820BA5}
	EndGlobalSection
EndGlobal
